
Microsoft Visual Studio Solution File, Format Version 12.00
# Visual Studio Version 17
VisualStudioVersion = 17.6.33723.286
MinimumVisualStudioVersion = 10.0.40219.1
Project("{FAE04EC0-301F-11D3-BF4B-00C04F79EFBC}") = "ModernDesignDemo", "ModernDesignDemo\ModernDesignDemo.csproj", "{51907DCC-B44B-4016-976B-CAE9BB9F20F9}"
EndProject
Global
	GlobalSection(SolutionConfigurationPlatforms) = preSolution
		Debug|Any CPU = Debug|Any CPU
		Release|Any CPU = Release|Any CPU
	EndGlobalSection
	GlobalSection(ProjectConfigurationPlatforms) = postSolution
		{51907DCC-B44B-4016-976B-CAE9BB9F20F9}.Debug|Any CPU.ActiveCfg = Debug|Any CPU
		{51907DCC-B44B-4016-976B-CAE9BB9F20F9}.Debug|Any CPU.Build.0 = Debug|Any CPU
		{51907DCC-B44B-4016-976B-CAE9BB9F20F9}.Release|Any CPU.ActiveCfg = Release|Any CPU
		{51907DCC-B44B-4016-976B-CAE9BB9F20F9}.Release|Any CPU.Build.0 = Release|Any CPU
	EndGlobalSection
	GlobalSection(SolutionProperties) = preSolution
		HideSolutionNode = FALSE
	EndGlobalSection
	GlobalSection(ExtensibilityGlobals) = postSolution
		SolutionGuid = {B89D2659-A3C7-427B-92D5-821D22F4A2EE}
	EndGlobalSection
EndGlobal
